
Microsoft Visual Studio Solution File, Format Version 12.00
# Visual Studio Version 17
VisualStudioVersion = 17.6.33801.468
MinimumVisualStudioVersion = 10.0.40219.1
Project("{FAE04EC0-301F-11D3-BF4B-00C04F79EFBC}") = "MassTransit.Producer", "MassTransit.Producer.csproj", "{91993E42-EC83-4EE9-B14E-875C34BD44BA}"
EndProject
Project("{FAE04EC0-301F-11D3-BF4B-00C04F79EFBC}") = "MassTransit.Consumer", "..\MassTransit.Consumer\MassTransit.Consumer.csproj", "{393925CF-30D8-42E5-9DD8-EF5B55AB0679}"
EndProject
Project("{FAE04EC0-301F-11D3-BF4B-00C04F79EFBC}") = "MassTransit.SharedLibrary", "..\MassTransit.SharedLibrary\MassTransit.SharedLibrary.csproj", "{53BFBAC4-7AC1-404C-8CDE-3813D13C90E3}"
EndProject
Project("{FAE04EC0-301F-11D3-BF4B-00C04F79EFBC}") = "MassTransit.API", "..\MassTransit.API\MassTransit.API.csproj", "{D207016B-43A2-4FAE-944B-0B2A1DE11245}"
EndProject
Global
	GlobalSection(SolutionConfigurationPlatforms) = preSolution
		Debug|Any CPU = Debug|Any CPU
		Release|Any CPU = Release|Any CPU
	EndGlobalSection
	GlobalSection(ProjectConfigurationPlatforms) = postSolution
		{91993E42-EC83-4EE9-B14E-875C34BD44BA}.Debug|Any CPU.ActiveCfg = Debug|Any CPU
		{91993E42-EC83-4EE9-B14E-875C34BD44BA}.Debug|Any CPU.Build.0 = Debug|Any CPU
		{91993E42-EC83-4EE9-B14E-875C34BD44BA}.Release|Any CPU.ActiveCfg = Release|Any CPU
		{91993E42-EC83-4EE9-B14E-875C34BD44BA}.Release|Any CPU.Build.0 = Release|Any CPU
		{393925CF-30D8-42E5-9DD8-EF5B55AB0679}.Debug|Any CPU.ActiveCfg = Debug|Any CPU
		{393925CF-30D8-42E5-9DD8-EF5B55AB0679}.Debug|Any CPU.Build.0 = Debug|Any CPU
		{393925CF-30D8-42E5-9DD8-EF5B55AB0679}.Release|Any CPU.ActiveCfg = Release|Any CPU
		{393925CF-30D8-42E5-9DD8-EF5B55AB0679}.Release|Any CPU.Build.0 = Release|Any CPU
		{53BFBAC4-7AC1-404C-8CDE-3813D13C90E3}.Debug|Any CPU.ActiveCfg = Debug|Any CPU
		{53BFBAC4-7AC1-404C-8CDE-3813D13C90E3}.Debug|Any CPU.Build.0 = Debug|Any CPU
		{53BFBAC4-7AC1-404C-8CDE-3813D13C90E3}.Release|Any CPU.ActiveCfg = Release|Any CPU
		{53BFBAC4-7AC1-404C-8CDE-3813D13C90E3}.Release|Any CPU.Build.0 = Release|Any CPU
		{D207016B-43A2-4FAE-944B-0B2A1DE11245}.Debug|Any CPU.ActiveCfg = Debug|Any CPU
		{D207016B-43A2-4FAE-944B-0B2A1DE11245}.Debug|Any CPU.Build.0 = Debug|Any CPU
		{D207016B-43A2-4FAE-944B-0B2A1DE11245}.Release|Any CPU.ActiveCfg = Release|Any CPU
		{D207016B-43A2-4FAE-944B-0B2A1DE11245}.Release|Any CPU.Build.0 = Release|Any CPU
	EndGlobalSection
	GlobalSection(SolutionProperties) = preSolution
		HideSolutionNode = FALSE
	EndGlobalSection
	GlobalSection(ExtensibilityGlobals) = postSolution
		SolutionGuid = {DEEDAD1F-F236-4441-B63A-914D10B49FD7}
	EndGlobalSection
EndGlobal
